
Microsoft Visual Studio Solution File, Format Version 12.00
# Visual Studio Version 16
VisualStudioVersion = 16.0.30523.141
MinimumVisualStudioVersion = 10.0.40219.1
Project("{9A19103F-16F7-4668-BE54-9A1E7A4F7556}") = "LandmarksPresentation", "Landmarks\LandmarksPresentation.csproj", "{8E497C04-BC66-49FC-970D-AEE270047116}"
EndProject
Project("{FAE04EC0-301F-11D3-BF4B-00C04F79EFBC}") = "LandmarkDAL", "LandmarkDAO\LandmarkDAL.csproj", "{8D50C763-0401-437E-B844-D83A7AC16A66}"
EndProject
Project("{FAE04EC0-301F-11D3-BF4B-00C04F79EFBC}") = "LandMarkBLL", "LandMarkBLL\LandMarkBLL.csproj", "{3437FC1D-DF90-4CC0-A80C-E0C8E27D9D94}"
EndProject
Global
	GlobalSection(SolutionConfigurationPlatforms) = preSolution
		Debug|Any CPU = Debug|Any CPU
		Release|Any CPU = Release|Any CPU
	EndGlobalSection
	GlobalSection(ProjectConfigurationPlatforms) = postSolution
		{8E497C04-BC66-49FC-970D-AEE270047116}.Debug|Any CPU.ActiveCfg = Debug|Any CPU
		{8E497C04-BC66-49FC-970D-AEE270047116}.Debug|Any CPU.Build.0 = Debug|Any CPU
		{8E497C04-BC66-49FC-970D-AEE270047116}.Release|Any CPU.ActiveCfg = Release|Any CPU
		{8E497C04-BC66-49FC-970D-AEE270047116}.Release|Any CPU.Build.0 = Release|Any CPU
		{8D50C763-0401-437E-B844-D83A7AC16A66}.Debug|Any CPU.ActiveCfg = Debug|Any CPU
		{8D50C763-0401-437E-B844-D83A7AC16A66}.Debug|Any CPU.Build.0 = Debug|Any CPU
		{8D50C763-0401-437E-B844-D83A7AC16A66}.Release|Any CPU.ActiveCfg = Release|Any CPU
		{8D50C763-0401-437E-B844-D83A7AC16A66}.Release|Any CPU.Build.0 = Release|Any CPU
		{3437FC1D-DF90-4CC0-A80C-E0C8E27D9D94}.Debug|Any CPU.ActiveCfg = Debug|Any CPU
		{3437FC1D-DF90-4CC0-A80C-E0C8E27D9D94}.Debug|Any CPU.Build.0 = Debug|Any CPU
		{3437FC1D-DF90-4CC0-A80C-E0C8E27D9D94}.Release|Any CPU.ActiveCfg = Release|Any CPU
		{3437FC1D-DF90-4CC0-A80C-E0C8E27D9D94}.Release|Any CPU.Build.0 = Release|Any CPU
	EndGlobalSection
	GlobalSection(SolutionProperties) = preSolution
		HideSolutionNode = FALSE
	EndGlobalSection
	GlobalSection(ExtensibilityGlobals) = postSolution
		SolutionGuid = {363A24E1-5FD9-49B4-B9DB-241037F226D4}
	EndGlobalSection
EndGlobal
